
Microsoft Visual Studio Solution File, Format Version 12.00
# Visual Studio Version 17
VisualStudioVersion = 17.9.34701.34
MinimumVisualStudioVersion = 10.0.40219.1
Project("{FAE04EC0-301F-11D3-BF4B-00C04F79EFBC}") = "SubstractionCalculator_Task0", "SubstractionCalculator_Task0\SubstractionCalculator_Task0.csproj", "{7197D617-D7D9-4680-8DFD-034B753B1688}"
EndProject
Project("{FAE04EC0-301F-11D3-BF4B-00C04F79EFBC}") = "TestProject", "TestProject\TestProject.csproj", "{6D88FBF9-BCA2-4A6C-BBE1-658C3B8E2808}"
EndProject
Global
	GlobalSection(SolutionConfigurationPlatforms) = preSolution
		Debug|Any CPU = Debug|Any CPU
		Release|Any CPU = Release|Any CPU
	EndGlobalSection
	GlobalSection(ProjectConfigurationPlatforms) = postSolution
		{7197D617-D7D9-4680-8DFD-034B753B1688}.Debug|Any CPU.ActiveCfg = Debug|Any CPU
		{7197D617-D7D9-4680-8DFD-034B753B1688}.Debug|Any CPU.Build.0 = Debug|Any CPU
		{7197D617-D7D9-4680-8DFD-034B753B1688}.Release|Any CPU.ActiveCfg = Release|Any CPU
		{7197D617-D7D9-4680-8DFD-034B753B1688}.Release|Any CPU.Build.0 = Release|Any CPU
		{6D88FBF9-BCA2-4A6C-BBE1-658C3B8E2808}.Debug|Any CPU.ActiveCfg = Debug|Any CPU
		{6D88FBF9-BCA2-4A6C-BBE1-658C3B8E2808}.Debug|Any CPU.Build.0 = Debug|Any CPU
		{6D88FBF9-BCA2-4A6C-BBE1-658C3B8E2808}.Release|Any CPU.ActiveCfg = Release|Any CPU
		{6D88FBF9-BCA2-4A6C-BBE1-658C3B8E2808}.Release|Any CPU.Build.0 = Release|Any CPU
	EndGlobalSection
	GlobalSection(SolutionProperties) = preSolution
		HideSolutionNode = FALSE
	EndGlobalSection
	GlobalSection(ExtensibilityGlobals) = postSolution
		SolutionGuid = {E60CDE19-155C-48CB-8CBA-A68DF5F0F29F}
	EndGlobalSection
EndGlobal
